{
 "graph_lock": {
  "nodes": {
   "0": {
    "ref": "test/1.0",
    "options": "fPIC=True\nshared=False",
    "path": "conanfile.py",
    "context": "host"
   }
  },
  "revisions_enabled": true
 },
 "version": "0.4",
 "profile_host": "[settings]\narch=armv8\narch_build=armv8\nbuild_type=Release\ncompiler=apple-clang\ncompiler.libcxx=libc++\ncompiler.version=15\nos=Macos\nos_build=Macos\n[options]\n[build_requires]\n[env]\n"
}